dependencies:
  idf:
    source:
      type: idf
    version: 5.5.0
  mr9you/rt-tftp:
    component_hash: 6e33bb2b7299ff14c35031b2a19639d58c0fb9fa219f9ce589456b48d59569e7
    dependencies:
    - name: idf
      require: private
      version: '>=5.0'
    source:
      registry_url: https://components.espressif.com/
      type: service
    version: 1.0.0
direct_dependencies:
- idf
- mr9you/rt-tftp
manifest_hash: 5f6a0b51bad35856d22ebf265440fbc4c2d9a8c5d02f82373ffc2c4364f4e647
target: esp32
version: 2.0.0
